
Microsoft Visual Studio Solution File, Format Version 12.00
# Visual Studio Version 16
VisualStudioVersion = 16.0.33927.289
MinimumVisualStudioVersion = 10.0.40219.1
Project("{FAE04EC0-301F-11D3-BF4B-00C04F79EFBC}") = "CalApp", "CalApp\CalApp.csproj", "{FD975BF6-BE0E-4F2D-A404-552B87EAD43B}"
EndProject
Global
	GlobalSection(SolutionConfigurationPlatforms) = preSolution
		Debug|Any CPU = Debug|Any CPU
		Release|Any CPU = Release|Any CPU
	EndGlobalSection
	GlobalSection(ProjectConfigurationPlatforms) = postSolution
		{FD975BF6-BE0E-4F2D-A404-552B87EAD43B}.Debug|Any CPU.ActiveCfg = Debug|Any CPU
		{FD975BF6-BE0E-4F2D-A404-552B87EAD43B}.Debug|Any CPU.Build.0 = Debug|Any CPU
		{FD975BF6-BE0E-4F2D-A404-552B87EAD43B}.Release|Any CPU.ActiveCfg = Release|Any CPU
		{FD975BF6-BE0E-4F2D-A404-552B87EAD43B}.Release|Any CPU.Build.0 = Release|Any CPU
	EndGlobalSection
	GlobalSection(SolutionProperties) = preSolution
		HideSolutionNode = FALSE
	EndGlobalSection
	GlobalSection(ExtensibilityGlobals) = postSolution
		SolutionGuid = {F8E413C3-24F9-4345-B781-D586D2C6552F}
	EndGlobalSection
EndGlobal
